
Microsoft Visual Studio Solution File, Format Version 12.00
# Visual Studio Version 16
VisualStudioVersion = 16.0.31129.286
MinimumVisualStudioVersion = 10.0.40219.1
Project("{9A19103F-16F7-4668-BE54-9A1E7A4F7556}") = "NasaAPIService", "NasaAPIService\NasaAPIService.csproj", "{F5C3FC6B-0165-4CA7-8730-08F850195892}"
EndProject
Project("{9A19103F-16F7-4668-BE54-9A1E7A4F7556}") = "Testing", "Testing\Testing.csproj", "{AC30DC26-32C8-4969-9DDF-1B34B008FDDA}"
EndProject
Global
	GlobalSection(SolutionConfigurationPlatforms) = preSolution
		Debug|Any CPU = Debug|Any CPU
		Release|Any CPU = Release|Any CPU
	EndGlobalSection
	GlobalSection(ProjectConfigurationPlatforms) = postSolution
		{F5C3FC6B-0165-4CA7-8730-08F850195892}.Debug|Any CPU.ActiveCfg = Debug|Any CPU
		{F5C3FC6B-0165-4CA7-8730-08F850195892}.Debug|Any CPU.Build.0 = Debug|Any CPU
		{F5C3FC6B-0165-4CA7-8730-08F850195892}.Release|Any CPU.ActiveCfg = Release|Any CPU
		{F5C3FC6B-0165-4CA7-8730-08F850195892}.Release|Any CPU.Build.0 = Release|Any CPU
		{AC30DC26-32C8-4969-9DDF-1B34B008FDDA}.Debug|Any CPU.ActiveCfg = Debug|Any CPU
		{AC30DC26-32C8-4969-9DDF-1B34B008FDDA}.Debug|Any CPU.Build.0 = Debug|Any CPU
		{AC30DC26-32C8-4969-9DDF-1B34B008FDDA}.Release|Any CPU.ActiveCfg = Release|Any CPU
		{AC30DC26-32C8-4969-9DDF-1B34B008FDDA}.Release|Any CPU.Build.0 = Release|Any CPU
	EndGlobalSection
	GlobalSection(SolutionProperties) = preSolution
		HideSolutionNode = FALSE
	EndGlobalSection
	GlobalSection(ExtensibilityGlobals) = postSolution
		SolutionGuid = {88DBFECD-DA68-406D-A71A-EF3ABBD77A2C}
	EndGlobalSection
EndGlobal
